
Microsoft Visual Studio Solution File, Format Version 12.00
# Visual Studio Version 17
VisualStudioVersion = 17.3.32922.545
MinimumVisualStudioVersion = 10.0.40219.1
Project("{FAE04EC0-301F-11D3-BF4B-00C04F79EFBC}") = "MagazynMVC", "MagazynMVC.csproj", "{AB0C9CD4-58E6-41AF-9EB5-14EFCD9EFA6A}"
EndProject
Project("{FAE04EC0-301F-11D3-BF4B-00C04F79EFBC}") = "MagazynMVC.Model", "..\MagazynMVC.Model\MagazynMVC.Model.csproj", "{4FE2BD10-0E44-42B0-9C25-9DE075C7DCD7}"
EndProject
Project("{FAE04EC0-301F-11D3-BF4B-00C04F79EFBC}") = "MagazynMVC.Persistence", "..\MagazynMVC.Persistence\MagazynMVC.Persistence.csproj", "{BED01A6D-65AD-4072-8DA6-04D330CB4767}"
EndProject
Global
	GlobalSection(SolutionConfigurationPlatforms) = preSolution
		Debug|Any CPU = Debug|Any CPU
		Release|Any CPU = Release|Any CPU
	EndGlobalSection
	GlobalSection(ProjectConfigurationPlatforms) = postSolution
		{AB0C9CD4-58E6-41AF-9EB5-14EFCD9EFA6A}.Debug|Any CPU.ActiveCfg = Debug|Any CPU
		{AB0C9CD4-58E6-41AF-9EB5-14EFCD9EFA6A}.Debug|Any CPU.Build.0 = Debug|Any CPU
		{AB0C9CD4-58E6-41AF-9EB5-14EFCD9EFA6A}.Release|Any CPU.ActiveCfg = Release|Any CPU
		{AB0C9CD4-58E6-41AF-9EB5-14EFCD9EFA6A}.Release|Any CPU.Build.0 = Release|Any CPU
		{4FE2BD10-0E44-42B0-9C25-9DE075C7DCD7}.Debug|Any CPU.ActiveCfg = Debug|Any CPU
		{4FE2BD10-0E44-42B0-9C25-9DE075C7DCD7}.Debug|Any CPU.Build.0 = Debug|Any CPU
		{4FE2BD10-0E44-42B0-9C25-9DE075C7DCD7}.Release|Any CPU.ActiveCfg = Release|Any CPU
		{4FE2BD10-0E44-42B0-9C25-9DE075C7DCD7}.Release|Any CPU.Build.0 = Release|Any CPU
		{BED01A6D-65AD-4072-8DA6-04D330CB4767}.Debug|Any CPU.ActiveCfg = Debug|Any CPU
		{BED01A6D-65AD-4072-8DA6-04D330CB4767}.Debug|Any CPU.Build.0 = Debug|Any CPU
		{BED01A6D-65AD-4072-8DA6-04D330CB4767}.Release|Any CPU.ActiveCfg = Release|Any CPU
		{BED01A6D-65AD-4072-8DA6-04D330CB4767}.Release|Any CPU.Build.0 = Release|Any CPU
	EndGlobalSection
	GlobalSection(SolutionProperties) = preSolution
		HideSolutionNode = FALSE
	EndGlobalSection
	GlobalSection(ExtensibilityGlobals) = postSolution
		SolutionGuid = {4A4F0FBC-6CCF-426E-B090-0068B45B2E8C}
	EndGlobalSection
EndGlobal
